// !$*UTF8*$!
{
	archiveVersion = 1;
	classes = {
	};
	objectVersion = 50;
	objects = {

/* Begin PBXBuildFile section */
		F1B98318250FCDE200A03817 /* AppDelegate.swift in Sources */ = {isa = PBXBuildFile; fileRef = F1B98317250FCDE200A03817 /* AppDelegate.swift */; };
		F1B9831A250FCDE200A03817 /* SceneDelegate.swift in Sources */ = {isa = PBXBuildFile; fileRef = F1B98319250FCDE200A03817 /* SceneDelegate.swift */; };
		F1B9831C250FCDE200A03817 /* ViewController.swift in Sources */ = {isa = PBXBuildFile; fileRef = F1B9831B250FCDE200A03817 /* ViewController.swift */; };
		F1B9831F250FCDE200A03817 /* Main.storyboard in Resources */ = {isa = PBXBuildFile; fileRef = F1B9831D250FCDE200A03817 /* Main.storyboard */; };
		F1B98321250FCDE600A03817 /* Assets.xcassets in Resources */ = {isa = PBXBuildFile; fileRef = F1B98320250FCDE600A03817 /* Assets.xcassets */; };
		F1B98324250FCDE600A03817 /* LaunchScreen.storyboard in Resources */ = {isa = PBXBuildFile; fileRef = F1B98322250FCDE600A03817 /* LaunchScreen.storyboard */; };
		F1B9832C250FCE0200A03817 /* satWords.json in Resources */ = {isa = PBXBuildFile; fileRef = F1B9832B250FCE0200A03817 /* satWords.json */; };
/* End PBXBuildFile section */

/* Begin PBXFileReference section */
		F1B98314250FCDE200A03817 /* ParsingLocalJsonWithSearchField.app */ = {isa = PBXFileReference; explicitFileType = wrapper.application; includeInIndex = 0; path = ParsingLocalJsonWithSearchField.app; sourceTree = BUILT_PRODUCTS_DIR; };
		F1B98317250FCDE200A03817 /* AppDelegate.swift */ = {isa = PBXFileReference; lastKnownFileType = sourcecode.swift; path = AppDelegate.swift; sourceTree = "<group>"; };
		F1B98319250FCDE200A03817 /* SceneDelegate.swift */ = {isa = PBXFileReference; lastKnownFileType = sourcecode.swift; path = SceneDelegate.swift; sourceTree = "<group>"; };
		F1B9831B250FCDE200A03817 /* ViewController.swift */ = {isa = PBXFileReference; lastKnownFileType = sourcecode.swift; path = ViewController.swift; sourceTree = "<group>"; };
		F1B9831E250FCDE200A03817 /* Base */ = {isa = PBXFileReference; lastKnownFileType = file.storyboard; name = Base; path = Base.lproj/Main.storyboard; sourceTree = "<group>"; };
		F1B98320250FCDE600A03817 /* Assets.xcassets */ = {isa = PBXFileReference; lastKnownFileType = folder.assetcatalog; path = Assets.xcassets; sourceTree = "<group>"; };
		F1B98323250FCDE600A03817 /* Base */ = {isa = PBXFileReference; lastKnownFileType = file.storyboard; name = Base; path = Base.lproj/LaunchScreen.storyboard; sourceTree = "<group>"; };
		F1B98325250FCDE600A03817 /* Info.plist */ = {isa = PBXFileReference; lastKnownFileType = text.plist.xml; path = Info.plist; sourceTree = "<group>"; };
		F1B9832B250FCE0200A03817 /* satWords.json */ = {isa = PBXFileReference; fileEncoding = 4; lastKnownFileType = text.json; path = satWords.json; sourceTree = "<group>"; };
/* End PBXFileReference section */

/* Begin PBXFrameworksBuildPhase section */
		F1B98311250FCDE200A03817 /* Frameworks */ = {
			isa = PBXFrameworksBuildPhase;
			buildActionMask = 2147483647;
			files = (
			);
			runOnlyForDeploymentPostprocessing = 0;
		};
/* End PBXFrameworksBuildPhase section */

/* Begin PBXGroup section */
		F1B9830B250FCDE200A03817 = {
			isa = PBXGroup;
			children = (
				F1B98316250FCDE200A03817 /* ParsingLocalJsonWithSearchField */,
				F1B98315250FCDE200A03817 /* Products */,
			);
			sourceTree = "<group>";
		};
		F1B98315250FCDE200A03817 /* Products */ = {
			isa = PBXGroup;
			children = (
				F1B98314250FCDE200A03817 /* ParsingLocalJsonWithSearchField.app */,
			);
			name = Products;
			sourceTree = "<group>";
		};
		F1B98316250FCDE200A03817 /* ParsingLocalJsonWithSearchField */ = {
			isa = PBXGroup;
			children = (
				F1B98317250FCDE200A03817 /* AppDelegate.swift */,
				F1B98319250FCDE200A03817 /* SceneDelegate.swift */,
				F1B9832B250FCE0200A03817 /* satWords.json */,
				F1B9831B250FCDE200A03817 /* ViewController.swift */,
				F1B9831D250FCDE200A03817 /* Main.storyboard */,
				F1B98320250FCDE600A03817 /* Assets.xcassets */,
				F1B98322250FCDE600A03817 /* LaunchScreen.storyboard */,
				F1B98325250FCDE600A03817 /* Info.plist */,
			);
			path = ParsingLocalJsonWithSearchField;
			sourceTree = "<group>";
		};
/* End PBXGroup section */

/* Begin PBXNativeTarget section */
		F1B98313250FCDE200A03817 /* ParsingLocalJsonWithSearchField */ = {
			isa = PBXNativeTarget;
			buildConfigurationList = F1B98328250FCDE600A03817 /* Build configuration list for PBXNativeTarget "ParsingLocalJsonWithSearchField" */;
			buildPhases = (
				F1B98310250FCDE200A03817 /* Sources */,
				F1B98311250FCDE200A03817 /* Frameworks */,
				F1B98312250FCDE200A03817 /* Resources */,
			);
			buildRules = (
			);
			dependencies = (
			);
			name = ParsingLocalJsonWithSearchField;
			productName = ParsingLocalJsonWithSearchField;
			productReference = F1B98314250FCDE200A03817 /* ParsingLocalJsonWithSearchField.app */;
			productType = "com.apple.product-type.application";
		};
/* End PBXNativeTarget section */

/* Begin PBXProject section */
		F1B9830C250FCDE200A03817 /* Project object */ = {
			isa = PBXProject;
			attributes = {
				LastSwiftUpdateCheck = 1200;
				LastUpgradeCheck = 1200;
				TargetAttributes = {
					F1B98313250FCDE200A03817 = {
						CreatedOnToolsVersion = 12.0;
					};
				};
			};
			buildConfigurationList = F1B9830F250FCDE200A03817 /* Build configuration list for PBXProject "ParsingLocalJsonWithSearchField" */;
			compatibilityVersion = "Xcode 9.3";
			developmentRegion = en;
			hasScannedForEncodings = 0;
			knownRegions = (
				en,
				Base,
			);
			mainGroup = F1B9830B250FCDE200A03817;
			productRefGroup = F1B98315250FCDE200A03817 /* Products */;
			projectDirPath = "";
			projectRoot = "";
			targets = (
				F1B98313250FCDE200A03817 /* ParsingLocalJsonWithSearchField */,
			);
		};
/* End PBXProject section */

/* Begin PBXResourcesBuildPhase section */
		F1B98312250FCDE200A03817 /* Resources */ = {
			isa = PBXResourcesBuildPhase;
			buildActionMask = 2147483647;
			files = (
				F1B9832C250FCE0200A03817 /* satWords.json in Resources */,
				F1B98324250FCDE600A03817 /* LaunchScreen.storyboard in Resources */,
				F1B98321250FCDE600A03817 /* Assets.xcassets in Resources */,
				F1B9831F250FCDE200A03817 /* Main.storyboard in Resources */,
			);
			runOnlyForDeploymentPostprocessing = 0;
		};
/* End PBXResourcesBuildPhase section */

/* Begin PBXSourcesBuildPhase section */
		F1B98310250FCDE200A03817 /* Sources */ = {
			isa = PBXSourcesBuildPhase;
			buildActionMask = 2147483647;
			files = (
				F1B9831C250FCDE200A03817 /* ViewController.swift in Sources */,
				F1B98318250FCDE200A03817 /* AppDelegate.swift in Sources */,
				F1B9831A250FCDE200A03817 /* SceneDelegate.swift in Sources */,
			);
			runOnlyForDeploymentPostprocessing = 0;
		};
/* End PBXSourcesBuildPhase section */

/* Begin PBXVariantGroup section */
		F1B9831D250FCDE200A03817 /* Main.storyboard */ = {
			isa = PBXVariantGroup;
			children = (
				F1B9831E250FCDE200A03817 /* Base */,
			);
			name = Main.storyboard;
			sourceTree = "<group>";
		};
		F1B98322250FCDE600A03817 /* LaunchScreen.storyboard */ = {
			isa = PBXVariantGroup;
			children = (
				F1B98323250FCDE600A03817 /* Base */,
			);
			name = LaunchScreen.storyboard;
			sourceTree = "<group>";
		};
/* End PBXVariantGroup section */

/* Begin XCBuildConfiguration section */
		F1B98326250FCDE600A03817 /* Debug */ = {
			isa = XCBuildConfiguration;
			buildSettings = {
				ALWAYS_SEARCH_USER_PATHS = NO;
				CLANG_ANALYZER_NONNULL = YES;
				CLANG_ANALYZER_NUMBER_OBJECT_CONVERSION = YES_AGGRESSIVE;
				CLANG_CXX_LANGUAGE_STANDARD = "gnu++14";
				CLANG_CXX_LIBRARY = "libc++";
				CLANG_ENABLE_MODULES = YES;
				CLANG_ENABLE_OBJC_ARC = YES;
				CLANG_ENABLE_OBJC_WEAK = YES;
				CLANG_WARN_BLOCK_CAPTURE_AUTORELEASING = YES;
				CLANG_WARN_BOOL_CONVERSION = YES;
				CLANG_WARN_COMMA = YES;
				CLANG_WARN_CONSTANT_CONVERSION = YES;
				CLANG_WARN_DEPRECATED_OBJC_IMPLEMENTATIONS = YES;
				CLANG_WARN_DIRECT_OBJC_ISA_USAGE = YES_ERROR;
				CLANG_WARN_DOCUMENTATION_COMMENTS = YES;
				CLANG_WARN_EMPTY_BODY = YES;
				CLANG_WARN_ENUM_CONVERSION = YES;
				CLANG_WARN_INFINITE_RECURSION = YES;
				CLANG_WARN_INT_CONVERSION = YES;
				CLANG_WARN_NON_LITERAL_NULL_CONVERSION = YES;
				CLANG_WARN_OBJC_IMPLICIT_RETAIN_SELF = YES;
				CLANG_WARN_OBJC_LITERAL_CONVERSION = YES;
				CLANG_WARN_OBJC_ROOT_CLASS = YES_ERROR;
				CLANG_WARN_QUOTED_INCLUDE_IN_FRAMEWORK_HEADER = YES;
				CLANG_WARN_RANGE_LOOP_ANALYSIS = YES;
				CLANG_WARN_STRICT_PROTOTYPES = YES;
				CLANG_WARN_SUSPICIOUS_MOVE = YES;
				CLANG_WARN_UNGUARDED_AVAILABILITY = YES_AGGRESSIVE;
				CLANG_WARN_UNREACHABLE_CODE = YES;
				CLANG_WARN__DUPLICATE_METHOD_MATCH = YES;
				COPY_PHASE_STRIP = NO;
				DEBUG_INFORMATION_FORMAT = dwarf;
				ENABLE_STRICT_OBJC_MSGSEND = YES;
				ENABLE_TESTABILITY = YES;
				GCC_C_LANGUAGE_STANDARD = gnu11;
				GCC_DYNAMIC_NO_PIC = NO;
				GCC_NO_COMMON_BLOCKS = YES;
				GCC_OPTIMIZATION_LEVEL = 0;
				GCC_PREPROCESSOR_DEFINITIONS = (
					"DEBUG=1",
					"$(inherited)",
				);
				GCC_WARN_64_TO_32_BIT_CONVERSION = YES;
				GCC_WARN_ABOUT_RETURN_TYPE = YES_ERROR;
				GCC_WARN_UNDECLARED_SELECTOR = YES;
				GCC_WARN_UNINITIALIZED_AUTOS = YES_AGGRESSIVE;
				GCC_WARN_UNUSED_FUNCTION = YES;
				GCC_WARN_UNUSED_VARIABLE = YES;
				IPHONEOS_DEPLOYMENT_TARGET = 14.0;
				MTL_ENABLE_DEBUG_INFO = INCLUDE_SOURCE;
				MTL_FAST_MATH = YES;
				ONLY_ACTIVE_ARCH = YES;
				SDKROOT = iphoneos;
				SWIFT_ACTIVE_COMPILATION_CONDITIONS = DEBUG;
				SWIFT_OPTIMIZATION_LEVEL = "-Onone";
			};
			name = Debug;
		};
		F1B98327250FCDE600A03817 /* Release */ = {
			isa = XCBuildConfiguration;
			buildSettings = {
				ALWAYS_SEARCH_USER_PATHS = NO;
				CLANG_ANALYZER_NONNULL = YES;
				CLANG_ANALYZER_NUMBER_OBJECT_CONVERSION = YES_AGGRESSIVE;
				CLANG_CXX_LANGUAGE_STANDARD = "gnu++14";
				CLANG_CXX_LIBRARY = "libc++";
				CLANG_ENABLE_MODULES = YES;
				CLANG_ENABLE_OBJC_ARC = YES;
				CLANG_ENABLE_OBJC_WEAK = YES;
				CLANG_WARN_BLOCK_CAPTURE_AUTORELEASING = YES;
				CLANG_WARN_BOOL_CONVERSION = YES;
				CLANG_WARN_COMMA = YES;
				CLANG_WARN_CONSTANT_CONVERSION = YES;
				CLANG_WARN_DEPRECATED_OBJC_IMPLEMENTATIONS = YES;
				CLANG_WARN_DIRECT_OBJC_ISA_USAGE = YES_ERROR;
				CLANG_WARN_DOCUMENTATION_COMMENTS = YES;
				CLANG_WARN_EMPTY_BODY = YES;
				CLANG_WARN_ENUM_CONVERSION = YES;
				CLANG_WARN_INFINITE_RECURSION = YES;
				CLANG_WARN_INT_CONVERSION = YES;
				CLANG_WARN_NON_LITERAL_NULL_CONVERSION = YES;
				CLANG_WARN_OBJC_IMPLICIT_RETAIN_SELF = YES;
				CLANG_WARN_OBJC_LITERAL_CONVERSION = YES;
				CLANG_WARN_OBJC_ROOT_CLASS = YES_ERROR;
				CLANG_WARN_QUOTED_INCLUDE_IN_FRAMEWORK_HEADER = YES;
				CLANG_WARN_RANGE_LOOP_ANALYSIS = YES;
				CLANG_WARN_STRICT_PROTOTYPES = YES;
				CLANG_WARN_SUSPICIOUS_MOVE = YES;
				CLANG_WARN_UNGUARDED_AVAILABILITY = YES_AGGRESSIVE;
				CLANG_WARN_UNREACHABLE_CODE = YES;
				CLANG_WARN__DUPLICATE_METHOD_MATCH = YES;
				COPY_PHASE_STRIP = NO;
				DEBUG_INFORMATION_FORMAT = "dwarf-with-dsym";
				ENABLE_NS_ASSERTIONS = NO;
				ENABLE_STRICT_OBJC_MSGSEND = YES;
				GCC_C_LANGUAGE_STANDARD = gnu11;
				GCC_NO_COMMON_BLOCKS = YES;
				GCC_WARN_64_TO_32_BIT_CONVERSION = YES;
				GCC_WARN_ABOUT_RETURN_TYPE = YES_ERROR;
				GCC_WARN_UNDECLARED_SELECTOR = YES;
				GCC_WARN_UNINITIALIZED_AUTOS = YES_AGGRESSIVE;
				GCC_WARN_UNUSED_FUNCTION = YES;
				GCC_WARN_UNUSED_VARIABLE = YES;
				IPHONEOS_DEPLOYMENT_TARGET = 14.0;
				MTL_ENABLE_DEBUG_INFO = NO;
				MTL_FAST_MATH = YES;
				SDKROOT = iphoneos;
				SWIFT_COMPILATION_MODE = wholemodule;
				SWIFT_OPTIMIZATION_LEVEL = "-O";
				VALIDATE_PRODUCT = YES;
			};
			name = Release;
		};
		F1B98329250FCDE600A03817 /* Debug */ = {
			isa = XCBuildConfiguration;
			buildSettings = {
				ASSETCATALOG_COMPILER_APPICON_NAME = AppIcon;
				ASSETCATALOG_COMPILER_GLOBAL_ACCENT_COLOR_NAME = AccentColor;
				CODE_SIGN_STYLE = Automatic;
				DEVELOPMENT_TEAM = 6JW3YQAPPF;
				INFOPLIST_FILE = ParsingLocalJsonWithSearchField/Info.plist;
				LD_RUNPATH_SEARCH_PATHS = (
					"$(inherited)",
					"@executable_path/Frameworks",
				);
				PRODUCT_BUNDLE_IDENTIFIER = me.altmurzilka.ParsingLocalJsonWithSearchField;
				PRODUCT_NAME = "$(TARGET_NAME)";
				SWIFT_VERSION = 5.0;
				TARGETED_DEVICE_FAMILY = "1,2";
			};
			name = Debug;
		};
		F1B9832A250FCDE600A03817 /* Release */ = {
			isa = XCBuildConfiguration;
			buildSettings = {
				ASSETCATALOG_COMPILER_APPICON_NAME = AppIcon;
				ASSETCATALOG_COMPILER_GLOBAL_ACCENT_COLOR_NAME = AccentColor;
				CODE_SIGN_STYLE = Automatic;
				DEVELOPMENT_TEAM = 6JW3YQAPPF;
				INFOPLIST_FILE = ParsingLocalJsonWithSearchField/Info.plist;
				LD_RUNPATH_SEARCH_PATHS = (
					"$(inherited)",
					"@executable_path/Frameworks",
				);
				PRODUCT_BUNDLE_IDENTIFIER = me.altmurzilka.ParsingLocalJsonWithSearchField;
				PRODUCT_NAME = "$(TARGET_NAME)";
				SWIFT_VERSION = 5.0;
				TARGETED_DEVICE_FAMILY = "1,2";
			};
			name = Release;
		};
/* End XCBuildConfiguration section */

/* Begin XCConfigurationList section */
		F1B9830F250FCDE200A03817 /* Build configuration list for PBXProject "ParsingLocalJsonWithSearchField" */ = {
			isa = XCConfigurationList;
			buildConfigurations = (
				F1B98326250FCDE600A03817 /* Debug */,
				F1B98327250FCDE600A03817 /* Release */,
			);
			defaultConfigurationIsVisible = 0;
			defaultConfigurationName = Release;
		};
		F1B98328250FCDE600A03817 /* Build configuration list for PBXNativeTarget "ParsingLocalJsonWithSearchField" */ = {
			isa = XCConfigurationList;
			buildConfigurations = (
				F1B98329250FCDE600A03817 /* Debug */,
				F1B9832A250FCDE600A03817 /* Release */,
			);
			defaultConfigurationIsVisible = 0;
			defaultConfigurationName = Release;
		};
/* End XCConfigurationList section */
	};
	rootObject = F1B9830C250FCDE200A03817 /* Project object */;
}
