// !$*UTF8*$!
{
	archiveVersion = 1;
	classes = {
	};
	objectVersion = 50;
	objects = {

/* Begin PBXBuildFile section */
		F153A6EB247FEE3500B91D2C /* AboutAuthorViewController.swift in Sources */ = {isa = PBXBuildFile; fileRef = F153A6EA247FEE3500B91D2C /* AboutAuthorViewController.swift */; };
		F17B86CF247E04E30078AC61 /* AppDelegate.swift in Sources */ = {isa = PBXBuildFile; fileRef = F17B86CE247E04E30078AC61 /* AppDelegate.swift */; };
		F17B86D1247E04E30078AC61 /* SceneDelegate.swift in Sources */ = {isa = PBXBuildFile; fileRef = F17B86D0247E04E30078AC61 /* SceneDelegate.swift */; };
		F17B86D3247E04E30078AC61 /* ViewController.swift in Sources */ = {isa = PBXBuildFile; fileRef = F17B86D2247E04E30078AC61 /* ViewController.swift */; };
		F17B86D6247E04E30078AC61 /* Main.storyboard in Resources */ = {isa = PBXBuildFile; fileRef = F17B86D4247E04E30078AC61 /* Main.storyboard */; };
		F17B86D8247E04E50078AC61 /* Assets.xcassets in Resources */ = {isa = PBXBuildFile; fileRef = F17B86D7247E04E50078AC61 /* Assets.xcassets */; };
		F17B86DB247E04E50078AC61 /* LaunchScreen.storyboard in Resources */ = {isa = PBXBuildFile; fileRef = F17B86D9247E04E50078AC61 /* LaunchScreen.storyboard */; };
		F199AA0C247EDEB600FA1287 /* AboutViewController.swift in Sources */ = {isa = PBXBuildFile; fileRef = F199AA0B247EDEB600FA1287 /* AboutViewController.swift */; };
		F199BA7824801FD200FA0690 /* BullsEye.html in Resources */ = {isa = PBXBuildFile; fileRef = F199BA7724801FD200FA0690 /* BullsEye.html */; };
		F199BA7D2480285200FA0690 /* WebKit.framework in Frameworks */ = {isa = PBXBuildFile; fileRef = F199BA7C2480285200FA0690 /* WebKit.framework */; };
/* End PBXBuildFile section */

/* Begin PBXFileReference section */
		F153A6EA247FEE3500B91D2C /* AboutAuthorViewController.swift */ = {isa = PBXFileReference; lastKnownFileType = sourcecode.swift; path = AboutAuthorViewController.swift; sourceTree = "<group>"; };
		F17B86CB247E04E30078AC61 /* UK_BullsEye.app */ = {isa = PBXFileReference; explicitFileType = wrapper.application; includeInIndex = 0; path = UK_BullsEye.app; sourceTree = BUILT_PRODUCTS_DIR; };
		F17B86CE247E04E30078AC61 /* AppDelegate.swift */ = {isa = PBXFileReference; lastKnownFileType = sourcecode.swift; path = AppDelegate.swift; sourceTree = "<group>"; };
		F17B86D0247E04E30078AC61 /* SceneDelegate.swift */ = {isa = PBXFileReference; lastKnownFileType = sourcecode.swift; path = SceneDelegate.swift; sourceTree = "<group>"; };
		F17B86D2247E04E30078AC61 /* ViewController.swift */ = {isa = PBXFileReference; lastKnownFileType = sourcecode.swift; path = ViewController.swift; sourceTree = "<group>"; };
		F17B86D5247E04E30078AC61 /* Base */ = {isa = PBXFileReference; lastKnownFileType = file.storyboard; name = Base; path = Base.lproj/Main.storyboard; sourceTree = "<group>"; };
		F17B86D7247E04E50078AC61 /* Assets.xcassets */ = {isa = PBXFileReference; lastKnownFileType = folder.assetcatalog; path = Assets.xcassets; sourceTree = "<group>"; };
		F17B86DA247E04E50078AC61 /* Base */ = {isa = PBXFileReference; lastKnownFileType = file.storyboard; name = Base; path = Base.lproj/LaunchScreen.storyboard; sourceTree = "<group>"; };
		F17B86DC247E04E50078AC61 /* Info.plist */ = {isa = PBXFileReference; lastKnownFileType = text.plist.xml; path = Info.plist; sourceTree = "<group>"; };
		F199AA0B247EDEB600FA1287 /* AboutViewController.swift */ = {isa = PBXFileReference; lastKnownFileType = sourcecode.swift; path = AboutViewController.swift; sourceTree = "<group>"; };
		F199BA7724801FD200FA0690 /* BullsEye.html */ = {isa = PBXFileReference; fileEncoding = 4; lastKnownFileType = text.html; path = BullsEye.html; sourceTree = "<group>"; };
		F199BA7A24801FF900FA0690 /* UIKit.framework */ = {isa = PBXFileReference; lastKnownFileType = wrapper.framework; name = UIKit.framework; path = System/Library/Frameworks/UIKit.framework; sourceTree = SDKROOT; };
		F199BA7C2480285200FA0690 /* WebKit.framework */ = {isa = PBXFileReference; lastKnownFileType = wrapper.framework; name = WebKit.framework; path = System/Library/Frameworks/WebKit.framework; sourceTree = SDKROOT; };
/* End PBXFileReference section */

/* Begin PBXFrameworksBuildPhase section */
		F17B86C8247E04E30078AC61 /* Frameworks */ = {
			isa = PBXFrameworksBuildPhase;
			buildActionMask = 2147483647;
			files = (
				F199BA7D2480285200FA0690 /* WebKit.framework in Frameworks */,
			);
			runOnlyForDeploymentPostprocessing = 0;
		};
/* End PBXFrameworksBuildPhase section */

/* Begin PBXGroup section */
		F17B86C2247E04E30078AC61 = {
			isa = PBXGroup;
			children = (
				F17B86CD247E04E30078AC61 /* UK_BullsEye */,
				F17B86CC247E04E30078AC61 /* Products */,
				F199BA7924801FF900FA0690 /* Frameworks */,
			);
			sourceTree = "<group>";
		};
		F17B86CC247E04E30078AC61 /* Products */ = {
			isa = PBXGroup;
			children = (
				F17B86CB247E04E30078AC61 /* UK_BullsEye.app */,
			);
			name = Products;
			sourceTree = "<group>";
		};
		F17B86CD247E04E30078AC61 /* UK_BullsEye */ = {
			isa = PBXGroup;
			children = (
				F17B86CE247E04E30078AC61 /* AppDelegate.swift */,
				F17B86D0247E04E30078AC61 /* SceneDelegate.swift */,
				F17B86D2247E04E30078AC61 /* ViewController.swift */,
				F17B86D4247E04E30078AC61 /* Main.storyboard */,
				F199AA0B247EDEB600FA1287 /* AboutViewController.swift */,
				F153A6EA247FEE3500B91D2C /* AboutAuthorViewController.swift */,
				F17B86D7247E04E50078AC61 /* Assets.xcassets */,
				F17B86D9247E04E50078AC61 /* LaunchScreen.storyboard */,
				F199BA7724801FD200FA0690 /* BullsEye.html */,
				F17B86DC247E04E50078AC61 /* Info.plist */,
			);
			path = UK_BullsEye;
			sourceTree = "<group>";
		};
		F199BA7924801FF900FA0690 /* Frameworks */ = {
			isa = PBXGroup;
			children = (
				F199BA7C2480285200FA0690 /* WebKit.framework */,
				F199BA7A24801FF900FA0690 /* UIKit.framework */,
			);
			name = Frameworks;
			sourceTree = "<group>";
		};
/* End PBXGroup section */

/* Begin PBXNativeTarget section */
		F17B86CA247E04E30078AC61 /* UK_BullsEye */ = {
			isa = PBXNativeTarget;
			buildConfigurationList = F17B86DF247E04E50078AC61 /* Build configuration list for PBXNativeTarget "UK_BullsEye" */;
			buildPhases = (
				F17B86C7247E04E30078AC61 /* Sources */,
				F17B86C8247E04E30078AC61 /* Frameworks */,
				F17B86C9247E04E30078AC61 /* Resources */,
			);
			buildRules = (
			);
			dependencies = (
			);
			name = UK_BullsEye;
			productName = UK_BullsEye;
			productReference = F17B86CB247E04E30078AC61 /* UK_BullsEye.app */;
			productType = "com.apple.product-type.application";
		};
/* End PBXNativeTarget section */

/* Begin PBXProject section */
		F17B86C3247E04E30078AC61 /* Project object */ = {
			isa = PBXProject;
			attributes = {
				LastSwiftUpdateCheck = 1150;
				LastUpgradeCheck = 1150;
				ORGANIZATIONNAME = "алтынпончик";
				TargetAttributes = {
					F17B86CA247E04E30078AC61 = {
						CreatedOnToolsVersion = 11.5;
					};
				};
			};
			buildConfigurationList = F17B86C6247E04E30078AC61 /* Build configuration list for PBXProject "UK_BullsEye" */;
			compatibilityVersion = "Xcode 9.3";
			developmentRegion = en;
			hasScannedForEncodings = 0;
			knownRegions = (
				en,
				Base,
			);
			mainGroup = F17B86C2247E04E30078AC61;
			productRefGroup = F17B86CC247E04E30078AC61 /* Products */;
			projectDirPath = "";
			projectRoot = "";
			targets = (
				F17B86CA247E04E30078AC61 /* UK_BullsEye */,
			);
		};
/* End PBXProject section */

/* Begin PBXResourcesBuildPhase section */
		F17B86C9247E04E30078AC61 /* Resources */ = {
			isa = PBXResourcesBuildPhase;
			buildActionMask = 2147483647;
			files = (
				F17B86DB247E04E50078AC61 /* LaunchScreen.storyboard in Resources */,
				F199BA7824801FD200FA0690 /* BullsEye.html in Resources */,
				F17B86D8247E04E50078AC61 /* Assets.xcassets in Resources */,
				F17B86D6247E04E30078AC61 /* Main.storyboard in Resources */,
			);
			runOnlyForDeploymentPostprocessing = 0;
		};
/* End PBXResourcesBuildPhase section */

/* Begin PBXSourcesBuildPhase section */
		F17B86C7247E04E30078AC61 /* Sources */ = {
			isa = PBXSourcesBuildPhase;
			buildActionMask = 2147483647;
			files = (
				F17B86D3247E04E30078AC61 /* ViewController.swift in Sources */,
				F17B86CF247E04E30078AC61 /* AppDelegate.swift in Sources */,
				F199AA0C247EDEB600FA1287 /* AboutViewController.swift in Sources */,
				F17B86D1247E04E30078AC61 /* SceneDelegate.swift in Sources */,
				F153A6EB247FEE3500B91D2C /* AboutAuthorViewController.swift in Sources */,
			);
			runOnlyForDeploymentPostprocessing = 0;
		};
/* End PBXSourcesBuildPhase section */

/* Begin PBXVariantGroup section */
		F17B86D4247E04E30078AC61 /* Main.storyboard */ = {
			isa = PBXVariantGroup;
			children = (
				F17B86D5247E04E30078AC61 /* Base */,
			);
			name = Main.storyboard;
			sourceTree = "<group>";
		};
		F17B86D9247E04E50078AC61 /* LaunchScreen.storyboard */ = {
			isa = PBXVariantGroup;
			children = (
				F17B86DA247E04E50078AC61 /* Base */,
			);
			name = LaunchScreen.storyboard;
			sourceTree = "<group>";
		};
/* End PBXVariantGroup section */

/* Begin XCBuildConfiguration section */
		F17B86DD247E04E50078AC61 /* Debug */ = {
			isa = XCBuildConfiguration;
			buildSettings = {
				ALWAYS_SEARCH_USER_PATHS = NO;
				CLANG_ANALYZER_NONNULL = YES;
				CLANG_ANALYZER_NUMBER_OBJECT_CONVERSION = YES_AGGRESSIVE;
				CLANG_CXX_LANGUAGE_STANDARD = "gnu++14";
				CLANG_CXX_LIBRARY = "libc++";
				CLANG_ENABLE_MODULES = YES;
				CLANG_ENABLE_OBJC_ARC = YES;
				CLANG_ENABLE_OBJC_WEAK = YES;
				CLANG_WARN_BLOCK_CAPTURE_AUTORELEASING = YES;
				CLANG_WARN_BOOL_CONVERSION = YES;
				CLANG_WARN_COMMA = YES;
				CLANG_WARN_CONSTANT_CONVERSION = YES;
				CLANG_WARN_DEPRECATED_OBJC_IMPLEMENTATIONS = YES;
				CLANG_WARN_DIRECT_OBJC_ISA_USAGE = YES_ERROR;
				CLANG_WARN_DOCUMENTATION_COMMENTS = YES;
				CLANG_WARN_EMPTY_BODY = YES;
				CLANG_WARN_ENUM_CONVERSION = YES;
				CLANG_WARN_INFINITE_RECURSION = YES;
				CLANG_WARN_INT_CONVERSION = YES;
				CLANG_WARN_NON_LITERAL_NULL_CONVERSION = YES;
				CLANG_WARN_OBJC_IMPLICIT_RETAIN_SELF = YES;
				CLANG_WARN_OBJC_LITERAL_CONVERSION = YES;
				CLANG_WARN_OBJC_ROOT_CLASS = YES_ERROR;
				CLANG_WARN_RANGE_LOOP_ANALYSIS = YES;
				CLANG_WARN_STRICT_PROTOTYPES = YES;
				CLANG_WARN_SUSPICIOUS_MOVE = YES;
				CLANG_WARN_UNGUARDED_AVAILABILITY = YES_AGGRESSIVE;
				CLANG_WARN_UNREACHABLE_CODE = YES;
				CLANG_WARN__DUPLICATE_METHOD_MATCH = YES;
				COPY_PHASE_STRIP = NO;
				DEBUG_INFORMATION_FORMAT = dwarf;
				ENABLE_STRICT_OBJC_MSGSEND = YES;
				ENABLE_TESTABILITY = YES;
				GCC_C_LANGUAGE_STANDARD = gnu11;
				GCC_DYNAMIC_NO_PIC = NO;
				GCC_NO_COMMON_BLOCKS = YES;
				GCC_OPTIMIZATION_LEVEL = 0;
				GCC_PREPROCESSOR_DEFINITIONS = (
					"DEBUG=1",
					"$(inherited)",
				);
				GCC_WARN_64_TO_32_BIT_CONVERSION = YES;
				GCC_WARN_ABOUT_RETURN_TYPE = YES_ERROR;
				GCC_WARN_UNDECLARED_SELECTOR = YES;
				GCC_WARN_UNINITIALIZED_AUTOS = YES_AGGRESSIVE;
				GCC_WARN_UNUSED_FUNCTION = YES;
				GCC_WARN_UNUSED_VARIABLE = YES;
				IPHONEOS_DEPLOYMENT_TARGET = 13.5;
				MTL_ENABLE_DEBUG_INFO = INCLUDE_SOURCE;
				MTL_FAST_MATH = YES;
				ONLY_ACTIVE_ARCH = YES;
				SDKROOT = iphoneos;
				SWIFT_ACTIVE_COMPILATION_CONDITIONS = DEBUG;
				SWIFT_OPTIMIZATION_LEVEL = "-Onone";
			};
			name = Debug;
		};
		F17B86DE247E04E50078AC61 /* Release */ = {
			isa = XCBuildConfiguration;
			buildSettings = {
				ALWAYS_SEARCH_USER_PATHS = NO;
				CLANG_ANALYZER_NONNULL = YES;
				CLANG_ANALYZER_NUMBER_OBJECT_CONVERSION = YES_AGGRESSIVE;
				CLANG_CXX_LANGUAGE_STANDARD = "gnu++14";
				CLANG_CXX_LIBRARY = "libc++";
				CLANG_ENABLE_MODULES = YES;
				CLANG_ENABLE_OBJC_ARC = YES;
				CLANG_ENABLE_OBJC_WEAK = YES;
				CLANG_WARN_BLOCK_CAPTURE_AUTORELEASING = YES;
				CLANG_WARN_BOOL_CONVERSION = YES;
				CLANG_WARN_COMMA = YES;
				CLANG_WARN_CONSTANT_CONVERSION = YES;
				CLANG_WARN_DEPRECATED_OBJC_IMPLEMENTATIONS = YES;
				CLANG_WARN_DIRECT_OBJC_ISA_USAGE = YES_ERROR;
				CLANG_WARN_DOCUMENTATION_COMMENTS = YES;
				CLANG_WARN_EMPTY_BODY = YES;
				CLANG_WARN_ENUM_CONVERSION = YES;
				CLANG_WARN_INFINITE_RECURSION = YES;
				CLANG_WARN_INT_CONVERSION = YES;
				CLANG_WARN_NON_LITERAL_NULL_CONVERSION = YES;
				CLANG_WARN_OBJC_IMPLICIT_RETAIN_SELF = YES;
				CLANG_WARN_OBJC_LITERAL_CONVERSION = YES;
				CLANG_WARN_OBJC_ROOT_CLASS = YES_ERROR;
				CLANG_WARN_RANGE_LOOP_ANALYSIS = YES;
				CLANG_WARN_STRICT_PROTOTYPES = YES;
				CLANG_WARN_SUSPICIOUS_MOVE = YES;
				CLANG_WARN_UNGUARDED_AVAILABILITY = YES_AGGRESSIVE;
				CLANG_WARN_UNREACHABLE_CODE = YES;
				CLANG_WARN__DUPLICATE_METHOD_MATCH = YES;
				COPY_PHASE_STRIP = NO;
				DEBUG_INFORMATION_FORMAT = "dwarf-with-dsym";
				ENABLE_NS_ASSERTIONS = NO;
				ENABLE_STRICT_OBJC_MSGSEND = YES;
				GCC_C_LANGUAGE_STANDARD = gnu11;
				GCC_NO_COMMON_BLOCKS = YES;
				GCC_WARN_64_TO_32_BIT_CONVERSION = YES;
				GCC_WARN_ABOUT_RETURN_TYPE = YES_ERROR;
				GCC_WARN_UNDECLARED_SELECTOR = YES;
				GCC_WARN_UNINITIALIZED_AUTOS = YES_AGGRESSIVE;
				GCC_WARN_UNUSED_FUNCTION = YES;
				GCC_WARN_UNUSED_VARIABLE = YES;
				IPHONEOS_DEPLOYMENT_TARGET = 13.5;
				MTL_ENABLE_DEBUG_INFO = NO;
				MTL_FAST_MATH = YES;
				SDKROOT = iphoneos;
				SWIFT_COMPILATION_MODE = wholemodule;
				SWIFT_OPTIMIZATION_LEVEL = "-O";
				VALIDATE_PRODUCT = YES;
			};
			name = Release;
		};
		F17B86E0247E04E50078AC61 /* Debug */ = {
			isa = XCBuildConfiguration;
			buildSettings = {
				ASSETCATALOG_COMPILER_APPICON_NAME = AppIcon;
				CODE_SIGN_STYLE = Automatic;
				DEVELOPMENT_TEAM = 6JW3YQAPPF;
				INFOPLIST_FILE = UK_BullsEye/Info.plist;
				LD_RUNPATH_SEARCH_PATHS = (
					"$(inherited)",
					"@executable_path/Frameworks",
				);
				PRODUCT_BUNDLE_IDENTIFIER = "com.myrzaboi.UK-BullsEye";
				PRODUCT_NAME = "$(TARGET_NAME)";
				SWIFT_VERSION = 5.0;
				TARGETED_DEVICE_FAMILY = "1,2";
			};
			name = Debug;
		};
		F17B86E1247E04E50078AC61 /* Release */ = {
			isa = XCBuildConfiguration;
			buildSettings = {
				ASSETCATALOG_COMPILER_APPICON_NAME = AppIcon;
				CODE_SIGN_STYLE = Automatic;
				DEVELOPMENT_TEAM = 6JW3YQAPPF;
				INFOPLIST_FILE = UK_BullsEye/Info.plist;
				LD_RUNPATH_SEARCH_PATHS = (
					"$(inherited)",
					"@executable_path/Frameworks",
				);
				PRODUCT_BUNDLE_IDENTIFIER = "com.myrzaboi.UK-BullsEye";
				PRODUCT_NAME = "$(TARGET_NAME)";
				SWIFT_VERSION = 5.0;
				TARGETED_DEVICE_FAMILY = "1,2";
			};
			name = Release;
		};
/* End XCBuildConfiguration section */

/* Begin XCConfigurationList section */
		F17B86C6247E04E30078AC61 /* Build configuration list for PBXProject "UK_BullsEye" */ = {
			isa = XCConfigurationList;
			buildConfigurations = (
				F17B86DD247E04E50078AC61 /* Debug */,
				F17B86DE247E04E50078AC61 /* Release */,
			);
			defaultConfigurationIsVisible = 0;
			defaultConfigurationName = Release;
		};
		F17B86DF247E04E50078AC61 /* Build configuration list for PBXNativeTarget "UK_BullsEye" */ = {
			isa = XCConfigurationList;
			buildConfigurations = (
				F17B86E0247E04E50078AC61 /* Debug */,
				F17B86E1247E04E50078AC61 /* Release */,
			);
			defaultConfigurationIsVisible = 0;
			defaultConfigurationName = Release;
		};
/* End XCConfigurationList section */
	};
	rootObject = F17B86C3247E04E30078AC61 /* Project object */;
}
